
Microsoft Visual Studio Solution File, Format Version 12.00
# Visual Studio Version 17
VisualStudioVersion = 17.3.32901.215
MinimumVisualStudioVersion = 10.0.40219.1
Project("{FAE04EC0-301F-11D3-BF4B-00C04F79EFBC}") = "FirstProject", "FirstProject\FirstProject.csproj", "{115F1DDA-4A6D-4E53-9CFD-91B5AC0829A1}"
EndProject
Global
	GlobalSection(SolutionConfigurationPlatforms) = preSolution
		Debug|Any CPU = Debug|Any CPU
		Release|Any CPU = Release|Any CPU
	EndGlobalSection
	GlobalSection(ProjectConfigurationPlatforms) = postSolution
		{115F1DDA-4A6D-4E53-9CFD-91B5AC0829A1}.Debug|Any CPU.ActiveCfg = Debug|Any CPU
		{115F1DDA-4A6D-4E53-9CFD-91B5AC0829A1}.Debug|Any CPU.Build.0 = Debug|Any CPU
		{115F1DDA-4A6D-4E53-9CFD-91B5AC0829A1}.Release|Any CPU.ActiveCfg = Release|Any CPU
		{115F1DDA-4A6D-4E53-9CFD-91B5AC0829A1}.Release|Any CPU.Build.0 = Release|Any CPU
	EndGlobalSection
	GlobalSection(SolutionProperties) = preSolution
		HideSolutionNode = FALSE
	EndGlobalSection
	GlobalSection(ExtensibilityGlobals) = postSolution
		SolutionGuid = {F2C91EA9-1C00-4820-B524-93C8F3EECFB4}
	EndGlobalSection
EndGlobal
